
Microsoft Visual Studio Solution File, Format Version 12.00
# Visual Studio Version 17
VisualStudioVersion = 17.6.33801.468
MinimumVisualStudioVersion = 10.0.40219.1
Project("{9A19103F-16F7-4668-BE54-9A1E7A4F7556}") = "Projecto_Libro_Study", "Projecto_Libro_Study\Projecto_Libro_Study.csproj", "{F2B01004-F96B-4524-9A2C-987625F366AB}"
EndProject
Project("{9A19103F-16F7-4668-BE54-9A1E7A4F7556}") = "Project_Book.Model", "Project_Book.Model\Project_Book.Model.csproj", "{D080DE74-A4EE-4FC2-9B54-3793E23A403B}"
EndProject
Project("{9A19103F-16F7-4668-BE54-9A1E7A4F7556}") = "Project_Book.Repository", "Project_Book.Repository\Project_Book.Repository.csproj", "{D38054EC-D639-4A67-8958-3926FB0AA2F0}"
EndProject
Project("{9A19103F-16F7-4668-BE54-9A1E7A4F7556}") = "Project_Book.Service", "Project_Book.Service\Project_Book.Service.csproj", "{EAB25284-13C1-46CD-A53D-D5076A09CB2F}"
EndProject
Project("{FAE04EC0-301F-11D3-BF4B-00C04F79EFBC}") = "Project_Book.Api", "Project_Book.Api\Project_Book.Api.csproj", "{830F971F-79AA-4E30-AA99-D46A8D5AE01C}"
EndProject
Global
	GlobalSection(SolutionConfigurationPlatforms) = preSolution
		Debug|Any CPU = Debug|Any CPU
		Release|Any CPU = Release|Any CPU
	EndGlobalSection
	GlobalSection(ProjectConfigurationPlatforms) = postSolution
		{F2B01004-F96B-4524-9A2C-987625F366AB}.Debug|Any CPU.ActiveCfg = Debug|Any CPU
		{F2B01004-F96B-4524-9A2C-987625F366AB}.Debug|Any CPU.Build.0 = Debug|Any CPU
		{F2B01004-F96B-4524-9A2C-987625F366AB}.Release|Any CPU.ActiveCfg = Release|Any CPU
		{F2B01004-F96B-4524-9A2C-987625F366AB}.Release|Any CPU.Build.0 = Release|Any CPU
		{D080DE74-A4EE-4FC2-9B54-3793E23A403B}.Debug|Any CPU.ActiveCfg = Debug|Any CPU
		{D080DE74-A4EE-4FC2-9B54-3793E23A403B}.Debug|Any CPU.Build.0 = Debug|Any CPU
		{D080DE74-A4EE-4FC2-9B54-3793E23A403B}.Release|Any CPU.ActiveCfg = Release|Any CPU
		{D080DE74-A4EE-4FC2-9B54-3793E23A403B}.Release|Any CPU.Build.0 = Release|Any CPU
		{D38054EC-D639-4A67-8958-3926FB0AA2F0}.Debug|Any CPU.ActiveCfg = Debug|Any CPU
		{D38054EC-D639-4A67-8958-3926FB0AA2F0}.Debug|Any CPU.Build.0 = Debug|Any CPU
		{D38054EC-D639-4A67-8958-3926FB0AA2F0}.Release|Any CPU.ActiveCfg = Release|Any CPU
		{D38054EC-D639-4A67-8958-3926FB0AA2F0}.Release|Any CPU.Build.0 = Release|Any CPU
		{EAB25284-13C1-46CD-A53D-D5076A09CB2F}.Debug|Any CPU.ActiveCfg = Debug|Any CPU
		{EAB25284-13C1-46CD-A53D-D5076A09CB2F}.Debug|Any CPU.Build.0 = Debug|Any CPU
		{EAB25284-13C1-46CD-A53D-D5076A09CB2F}.Release|Any CPU.ActiveCfg = Release|Any CPU
		{EAB25284-13C1-46CD-A53D-D5076A09CB2F}.Release|Any CPU.Build.0 = Release|Any CPU
		{830F971F-79AA-4E30-AA99-D46A8D5AE01C}.Debug|Any CPU.ActiveCfg = Debug|Any CPU
		{830F971F-79AA-4E30-AA99-D46A8D5AE01C}.Debug|Any CPU.Build.0 = Debug|Any CPU
		{830F971F-79AA-4E30-AA99-D46A8D5AE01C}.Release|Any CPU.ActiveCfg = Release|Any CPU
		{830F971F-79AA-4E30-AA99-D46A8D5AE01C}.Release|Any CPU.Build.0 = Release|Any CPU
	EndGlobalSection
	GlobalSection(SolutionProperties) = preSolution
		HideSolutionNode = FALSE
	EndGlobalSection
	GlobalSection(ExtensibilityGlobals) = postSolution
		SolutionGuid = {732B2EC1-9EED-443E-BF62-4A0840278F65}
	EndGlobalSection
EndGlobal
